// !$*UTF8*$!
{
	archiveVersion = 1;
	classes = {
	};
	objectVersion = 48;
	objects = {

/* Begin PBXBuildFile section */
		2002AB1221A51E9000EEEC95 /* Podfile in Resources */ = {isa = PBXBuildFile; fileRef = 2002AB1121A51E9000EEEC95 /* Podfile */; };
		2004026F211A8A9A00021D83 /* BaseView.swift in Sources */ = {isa = PBXBuildFile; fileRef = 2004026E211A8A9A00021D83 /* BaseView.swift */; };
		20040273211A8B0500021D83 /* DetailsFoodView.swift in Sources */ = {isa = PBXBuildFile; fileRef = 20040272211A8B0500021D83 /* DetailsFoodView.swift */; };
		20040275211A8C0A00021D83 /* DetailsFoodViewController.swift in Sources */ = {isa = PBXBuildFile; fileRef = 20040274211A8C0A00021D83 /* DetailsFoodViewController.swift */; };
		20040279211A8CB800021D83 /* RestaurantTableViewController.swift in Sources */ = {isa = PBXBuildFile; fileRef = 20040278211A8CB800021D83 /* RestaurantTableViewController.swift */; };
		2004027C211A8CDA00021D83 /* RestaurantTableViewCell.swift in Sources */ = {isa = PBXBuildFile; fileRef = 2004027B211A8CDA00021D83 /* RestaurantTableViewCell.swift */; };
		20040280211A8E1100021D83 /* LocationView.swift in Sources */ = {isa = PBXBuildFile; fileRef = 2004027F211A8E1100021D83 /* LocationView.swift */; };
		20040282211A8E7400021D83 /* LocationViewController.swift in Sources */ = {isa = PBXBuildFile; fileRef = 20040281211A8E7400021D83 /* LocationViewController.swift */; };
		200D5E5E21D16B5500E435A5 /* DetaillsCollectionViewCell.swift in Sources */ = {isa = PBXBuildFile; fileRef = 200D5E5D21D16B5500E435A5 /* DetaillsCollectionViewCell.swift */; };
		20230F9521A128B000F5D136 /* LocationService.swift in Sources */ = {isa = PBXBuildFile; fileRef = 20230F9421A128B000F5D136 /* LocationService.swift */; };
		2037C68A21AE3EBB00A5134F /* Models.swift in Sources */ = {isa = PBXBuildFile; fileRef = 2037C68921AE3EBB00A5134F /* Models.swift */; };
		2063715D21AA53A4002C1B4F /* NetworkService.swift in Sources */ = {isa = PBXBuildFile; fileRef = 2063715C21AA53A4002C1B4F /* NetworkService.swift */; };
		C8068260E7A3CE777166E341 /* Pods_RestaurantApp.framework in Frameworks */ = {isa = PBXBuildFile; fileRef = B89E516E51991BE03F7123BC /* Pods_RestaurantApp.framework */; };
		DABD10E52043A01B00D7DE13 /* AppDelegate.swift in Sources */ = {isa = PBXBuildFile; fileRef = DABD10E42043A01B00D7DE13 /* AppDelegate.swift */; };
		DABD10E72043A01C00D7DE13 /* ViewController.swift in Sources */ = {isa = PBXBuildFile; fileRef = DABD10E62043A01C00D7DE13 /* ViewController.swift */; };
		DABD10EA2043A01C00D7DE13 /* Main.storyboard in Resources */ = {isa = PBXBuildFile; fileRef = DABD10E82043A01C00D7DE13 /* Main.storyboard */; };
		DABD10EC2043A01C00D7DE13 /* Assets.xcassets in Resources */ = {isa = PBXBuildFile; fileRef = DABD10EB2043A01C00D7DE13 /* Assets.xcassets */; };
		DABD10EF2043A01C00D7DE13 /* LaunchScreen.storyboard in Resources */ = {isa = PBXBuildFile; fileRef = DABD10ED2043A01C00D7DE13 /* LaunchScreen.storyboard */; };
/* End PBXBuildFile section */

/* Begin PBXFileReference section */
		2002AB1121A51E9000EEEC95 /* Podfile */ = {isa = PBXFileReference; lastKnownFileType = text; path = Podfile; sourceTree = "<group>"; xcLanguageSpecificationIdentifier = xcode.lang.ruby; };
		2004026E211A8A9A00021D83 /* BaseView.swift */ = {isa = PBXFileReference; lastKnownFileType = sourcecode.swift; path = BaseView.swift; sourceTree = "<group>"; };
		20040272211A8B0500021D83 /* DetailsFoodView.swift */ = {isa = PBXFileReference; lastKnownFileType = sourcecode.swift; path = DetailsFoodView.swift; sourceTree = "<group>"; };
		20040274211A8C0A00021D83 /* DetailsFoodViewController.swift */ = {isa = PBXFileReference; lastKnownFileType = sourcecode.swift; path = DetailsFoodViewController.swift; sourceTree = "<group>"; };
		20040278211A8CB800021D83 /* RestaurantTableViewController.swift */ = {isa = PBXFileReference; lastKnownFileType = sourcecode.swift; path = RestaurantTableViewController.swift; sourceTree = "<group>"; };
		2004027B211A8CDA00021D83 /* RestaurantTableViewCell.swift */ = {isa = PBXFileReference; lastKnownFileType = sourcecode.swift; path = RestaurantTableViewCell.swift; sourceTree = "<group>"; };
		2004027F211A8E1100021D83 /* LocationView.swift */ = {isa = PBXFileReference; lastKnownFileType = sourcecode.swift; path = LocationView.swift; sourceTree = "<group>"; };
		20040281211A8E7400021D83 /* LocationViewController.swift */ = {isa = PBXFileReference; lastKnownFileType = sourcecode.swift; path = LocationViewController.swift; sourceTree = "<group>"; };
		200D5E5D21D16B5500E435A5 /* DetaillsCollectionViewCell.swift */ = {isa = PBXFileReference; lastKnownFileType = sourcecode.swift; path = DetaillsCollectionViewCell.swift; sourceTree = "<group>"; };
		20230F9421A128B000F5D136 /* LocationService.swift */ = {isa = PBXFileReference; fileEncoding = 4; lastKnownFileType = sourcecode.swift; path = LocationService.swift; sourceTree = "<group>"; };
		2037C68921AE3EBB00A5134F /* Models.swift */ = {isa = PBXFileReference; lastKnownFileType = sourcecode.swift; path = Models.swift; sourceTree = "<group>"; };
		2063715C21AA53A4002C1B4F /* NetworkService.swift */ = {isa = PBXFileReference; lastKnownFileType = sourcecode.swift; path = NetworkService.swift; sourceTree = "<group>"; };
		4465F126BAFC8AB1C8B0620A /* Pods-RestaurantApp.debug.xcconfig */ = {isa = PBXFileReference; includeInIndex = 1; lastKnownFileType = text.xcconfig; name = "Pods-RestaurantApp.debug.xcconfig"; path = "Pods/Target Support Files/Pods-RestaurantApp/Pods-RestaurantApp.debug.xcconfig"; sourceTree = "<group>"; };
		79DA82A86A711227D972D9BA /* Pods-RestaurantApp.release.xcconfig */ = {isa = PBXFileReference; includeInIndex = 1; lastKnownFileType = text.xcconfig; name = "Pods-RestaurantApp.release.xcconfig"; path = "Pods/Target Support Files/Pods-RestaurantApp/Pods-RestaurantApp.release.xcconfig"; sourceTree = "<group>"; };
		B89E516E51991BE03F7123BC /* Pods_RestaurantApp.framework */ = {isa = PBXFileReference; explicitFileType = wrapper.framework; includeInIndex = 0; path = Pods_RestaurantApp.framework; sourceTree = BUILT_PRODUCTS_DIR; };
		DABD10E12043A01B00D7DE13 /* RestaurantApp.app */ = {isa = PBXFileReference; explicitFileType = wrapper.application; includeInIndex = 0; path = RestaurantApp.app; sourceTree = BUILT_PRODUCTS_DIR; };
		DABD10E42043A01B00D7DE13 /* AppDelegate.swift */ = {isa = PBXFileReference; lastKnownFileType = sourcecode.swift; path = AppDelegate.swift; sourceTree = "<group>"; };
		DABD10E62043A01C00D7DE13 /* ViewController.swift */ = {isa = PBXFileReference; lastKnownFileType = sourcecode.swift; path = ViewController.swift; sourceTree = "<group>"; };
		DABD10E92043A01C00D7DE13 /* Base */ = {isa = PBXFileReference; lastKnownFileType = file.storyboard; name = Base; path = Base.lproj/Main.storyboard; sourceTree = "<group>"; };
		DABD10EB2043A01C00D7DE13 /* Assets.xcassets */ = {isa = PBXFileReference; lastKnownFileType = folder.assetcatalog; path = Assets.xcassets; sourceTree = "<group>"; };
		DABD10EE2043A01C00D7DE13 /* Base */ = {isa = PBXFileReference; lastKnownFileType = file.storyboard; name = Base; path = Base.lproj/LaunchScreen.storyboard; sourceTree = "<group>"; };
		DABD10F02043A01C00D7DE13 /* Info.plist */ = {isa = PBXFileReference; lastKnownFileType = text.plist.xml; path = Info.plist; sourceTree = "<group>"; };
/* End PBXFileReference section */

/* Begin PBXFrameworksBuildPhase section */
		DABD10DE2043A01B00D7DE13 /* Frameworks */ = {
			isa = PBXFrameworksBuildPhase;
			buildActionMask = 2147483647;
			files = (
				C8068260E7A3CE777166E341 /* Pods_RestaurantApp.framework in Frameworks */,
			);
			runOnlyForDeploymentPostprocessing = 0;
		};
/* End PBXFrameworksBuildPhase section */

/* Begin PBXGroup section */
		2004026D211A8A8D00021D83 /* Screen */ = {
			isa = PBXGroup;
			children = (
				2004027D211A8DF700021D83 /* Location */,
				20040276211A8C4100021D83 /* List */,
				20040270211A8AEA00021D83 /* Detials */,
				2004026E211A8A9A00021D83 /* BaseView.swift */,
			);
			path = Screen;
			sourceTree = "<group>";
		};
		20040270211A8AEA00021D83 /* Detials */ = {
			isa = PBXGroup;
			children = (
				20040271211A8AF500021D83 /* Views */,
				20040274211A8C0A00021D83 /* DetailsFoodViewController.swift */,
			);
			path = Detials;
			sourceTree = "<group>";
		};
		20040271211A8AF500021D83 /* Views */ = {
			isa = PBXGroup;
			children = (
				20040272211A8B0500021D83 /* DetailsFoodView.swift */,
				200D5E5D21D16B5500E435A5 /* DetaillsCollectionViewCell.swift */,
			);
			path = Views;
			sourceTree = "<group>";
		};
		20040276211A8C4100021D83 /* List */ = {
			isa = PBXGroup;
			children = (
				2004027A211A8CBD00021D83 /* Views */,
				20040278211A8CB800021D83 /* RestaurantTableViewController.swift */,
				2037C68921AE3EBB00A5134F /* Models.swift */,
			);
			path = List;
			sourceTree = "<group>";
		};
		2004027A211A8CBD00021D83 /* Views */ = {
			isa = PBXGroup;
			children = (
				2004027B211A8CDA00021D83 /* RestaurantTableViewCell.swift */,
			);
			path = Views;
			sourceTree = "<group>";
		};
		2004027D211A8DF700021D83 /* Location */ = {
			isa = PBXGroup;
			children = (
				2004027E211A8DFF00021D83 /* Views */,
				20040281211A8E7400021D83 /* LocationViewController.swift */,
			);
			path = Location;
			sourceTree = "<group>";
		};
		2004027E211A8DFF00021D83 /* Views */ = {
			isa = PBXGroup;
			children = (
				2004027F211A8E1100021D83 /* LocationView.swift */,
			);
			path = Views;
			sourceTree = "<group>";
		};
		20230F9321A128B000F5D136 /* Services */ = {
			isa = PBXGroup;
			children = (
				20230F9421A128B000F5D136 /* LocationService.swift */,
				2063715C21AA53A4002C1B4F /* NetworkService.swift */,
			);
			path = Services;
			sourceTree = "<group>";
		};
		6383F157CB3D142A192E7129 /* Frameworks */ = {
			isa = PBXGroup;
			children = (
				B89E516E51991BE03F7123BC /* Pods_RestaurantApp.framework */,
			);
			name = Frameworks;
			sourceTree = "<group>";
		};
		8CFA0438D77622F057FC438F /* Pods */ = {
			isa = PBXGroup;
			children = (
				4465F126BAFC8AB1C8B0620A /* Pods-RestaurantApp.debug.xcconfig */,
				79DA82A86A711227D972D9BA /* Pods-RestaurantApp.release.xcconfig */,
			);
			name = Pods;
			sourceTree = "<group>";
		};
		DABD10D82043A01B00D7DE13 = {
			isa = PBXGroup;
			children = (
				2002AB1121A51E9000EEEC95 /* Podfile */,
				DABD10E32043A01B00D7DE13 /* RestaurantApp */,
				DABD10E22043A01B00D7DE13 /* Products */,
				8CFA0438D77622F057FC438F /* Pods */,
				6383F157CB3D142A192E7129 /* Frameworks */,
			);
			sourceTree = "<group>";
		};
		DABD10E22043A01B00D7DE13 /* Products */ = {
			isa = PBXGroup;
			children = (
				DABD10E12043A01B00D7DE13 /* RestaurantApp.app */,
			);
			name = Products;
			sourceTree = "<group>";
		};
		DABD10E32043A01B00D7DE13 /* RestaurantApp */ = {
			isa = PBXGroup;
			children = (
				20230F9321A128B000F5D136 /* Services */,
				2004026D211A8A8D00021D83 /* Screen */,
				DABD10E42043A01B00D7DE13 /* AppDelegate.swift */,
				DABD10E82043A01C00D7DE13 /* Main.storyboard */,
				DABD10E62043A01C00D7DE13 /* ViewController.swift */,
				DABD10EB2043A01C00D7DE13 /* Assets.xcassets */,
				DABD10ED2043A01C00D7DE13 /* LaunchScreen.storyboard */,
				DABD10F02043A01C00D7DE13 /* Info.plist */,
			);
			path = RestaurantApp;
			sourceTree = "<group>";
		};
/* End PBXGroup section */

/* Begin PBXNativeTarget section */
		DABD10E02043A01B00D7DE13 /* RestaurantApp */ = {
			isa = PBXNativeTarget;
			buildConfigurationList = DABD10F32043A01C00D7DE13 /* Build configuration list for PBXNativeTarget "RestaurantApp" */;
			buildPhases = (
				C4117D296E8E11D875EBD377 /* [CP] Check Pods Manifest.lock */,
				DABD10DD2043A01B00D7DE13 /* Sources */,
				DABD10DE2043A01B00D7DE13 /* Frameworks */,
				DABD10DF2043A01B00D7DE13 /* Resources */,
				56203A1C985831E4B50BFB2A /* [CP] Embed Pods Frameworks */,
			);
			buildRules = (
			);
			dependencies = (
			);
			name = RestaurantApp;
			productName = RestaurantApp;
			productReference = DABD10E12043A01B00D7DE13 /* RestaurantApp.app */;
			productType = "com.apple.product-type.application";
		};
/* End PBXNativeTarget section */

/* Begin PBXProject section */
		DABD10D92043A01B00D7DE13 /* Project object */ = {
			isa = PBXProject;
			attributes = {
				LastSwiftUpdateCheck = 0920;
				LastUpgradeCheck = 0930;
				ORGANIZATIONNAME = "Gary Tokman";
				TargetAttributes = {
					DABD10E02043A01B00D7DE13 = {
						CreatedOnToolsVersion = 9.2;
						LastSwiftMigration = 1010;
						ProvisioningStyle = Automatic;
					};
				};
			};
			buildConfigurationList = DABD10DC2043A01B00D7DE13 /* Build configuration list for PBXProject "RestaurantApp" */;
			compatibilityVersion = "Xcode 8.0";
			developmentRegion = en;
			hasScannedForEncodings = 0;
			knownRegions = (
				en,
				Base,
			);
			mainGroup = DABD10D82043A01B00D7DE13;
			productRefGroup = DABD10E22043A01B00D7DE13 /* Products */;
			projectDirPath = "";
			projectRoot = "";
			targets = (
				DABD10E02043A01B00D7DE13 /* RestaurantApp */,
			);
		};
/* End PBXProject section */

/* Begin PBXResourcesBuildPhase section */
		DABD10DF2043A01B00D7DE13 /* Resources */ = {
			isa = PBXResourcesBuildPhase;
			buildActionMask = 2147483647;
			files = (
				DABD10EF2043A01C00D7DE13 /* LaunchScreen.storyboard in Resources */,
				DABD10EC2043A01C00D7DE13 /* Assets.xcassets in Resources */,
				2002AB1221A51E9000EEEC95 /* Podfile in Resources */,
				DABD10EA2043A01C00D7DE13 /* Main.storyboard in Resources */,
			);
			runOnlyForDeploymentPostprocessing = 0;
		};
/* End PBXResourcesBuildPhase section */

/* Begin PBXShellScriptBuildPhase section */
		56203A1C985831E4B50BFB2A /* [CP] Embed Pods Frameworks */ = {
			isa = PBXShellScriptBuildPhase;
			buildActionMask = 2147483647;
			files = (
			);
			inputFileListPaths = (
			);
			inputPaths = (
				"${SRCROOT}/Pods/Target Support Files/Pods-RestaurantApp/Pods-RestaurantApp-frameworks.sh",
				"${BUILT_PRODUCTS_DIR}/Alamofire/Alamofire.framework",
				"${BUILT_PRODUCTS_DIR}/AlamofireImage/AlamofireImage.framework",
				"${BUILT_PRODUCTS_DIR}/Moya/Moya.framework",
				"${BUILT_PRODUCTS_DIR}/Result/Result.framework",
			);
			name = "[CP] Embed Pods Frameworks";
			outputFileListPaths = (
			);
			outputPaths = (
				"${TARGET_BUILD_DIR}/${FRAMEWORKS_FOLDER_PATH}/Alamofire.framework",
				"${TARGET_BUILD_DIR}/${FRAMEWORKS_FOLDER_PATH}/AlamofireImage.framework",
				"${TARGET_BUILD_DIR}/${FRAMEWORKS_FOLDER_PATH}/Moya.framework",
				"${TARGET_BUILD_DIR}/${FRAMEWORKS_FOLDER_PATH}/Result.framework",
			);
			runOnlyForDeploymentPostprocessing = 0;
			shellPath = /bin/sh;
			shellScript = "\"${SRCROOT}/Pods/Target Support Files/Pods-RestaurantApp/Pods-RestaurantApp-frameworks.sh\"\n";
			showEnvVarsInLog = 0;
		};
		C4117D296E8E11D875EBD377 /* [CP] Check Pods Manifest.lock */ = {
			isa = PBXShellScriptBuildPhase;
			buildActionMask = 2147483647;
			files = (
			);
			inputFileListPaths = (
			);
			inputPaths = (
				"${PODS_PODFILE_DIR_PATH}/Podfile.lock",
				"${PODS_ROOT}/Manifest.lock",
			);
			name = "[CP] Check Pods Manifest.lock";
			outputFileListPaths = (
			);
			outputPaths = (
				"$(DERIVED_FILE_DIR)/Pods-RestaurantApp-checkManifestLockResult.txt",
			);
			runOnlyForDeploymentPostprocessing = 0;
			shellPath = /bin/sh;
			shellScript = "diff \"${PODS_PODFILE_DIR_PATH}/Podfile.lock\" \"${PODS_ROOT}/Manifest.lock\" > /dev/null\nif [ $? != 0 ] ; then\n    # print error to STDERR\n    echo \"error: The sandbox is not in sync with the Podfile.lock. Run 'pod install' or update your CocoaPods installation.\" >&2\n    exit 1\nfi\n# This output is used by Xcode 'outputs' to avoid re-running this script phase.\necho \"SUCCESS\" > \"${SCRIPT_OUTPUT_FILE_0}\"\n";
			showEnvVarsInLog = 0;
		};
/* End PBXShellScriptBuildPhase section */

/* Begin PBXSourcesBuildPhase section */
		DABD10DD2043A01B00D7DE13 /* Sources */ = {
			isa = PBXSourcesBuildPhase;
			buildActionMask = 2147483647;
			files = (
				2063715D21AA53A4002C1B4F /* NetworkService.swift in Sources */,
				2004026F211A8A9A00021D83 /* BaseView.swift in Sources */,
				20040280211A8E1100021D83 /* LocationView.swift in Sources */,
				2037C68A21AE3EBB00A5134F /* Models.swift in Sources */,
				20230F9521A128B000F5D136 /* LocationService.swift in Sources */,
				20040273211A8B0500021D83 /* DetailsFoodView.swift in Sources */,
				20040279211A8CB800021D83 /* RestaurantTableViewController.swift in Sources */,
				20040275211A8C0A00021D83 /* DetailsFoodViewController.swift in Sources */,
				DABD10E72043A01C00D7DE13 /* ViewController.swift in Sources */,
				20040282211A8E7400021D83 /* LocationViewController.swift in Sources */,
				200D5E5E21D16B5500E435A5 /* DetaillsCollectionViewCell.swift in Sources */,
				2004027C211A8CDA00021D83 /* RestaurantTableViewCell.swift in Sources */,
				DABD10E52043A01B00D7DE13 /* AppDelegate.swift in Sources */,
			);
			runOnlyForDeploymentPostprocessing = 0;
		};
/* End PBXSourcesBuildPhase section */

/* Begin PBXVariantGroup section */
		DABD10E82043A01C00D7DE13 /* Main.storyboard */ = {
			isa = PBXVariantGroup;
			children = (
				DABD10E92043A01C00D7DE13 /* Base */,
			);
			name = Main.storyboard;
			sourceTree = "<group>";
		};
		DABD10ED2043A01C00D7DE13 /* LaunchScreen.storyboard */ = {
			isa = PBXVariantGroup;
			children = (
				DABD10EE2043A01C00D7DE13 /* Base */,
			);
			name = LaunchScreen.storyboard;
			sourceTree = "<group>";
		};
/* End PBXVariantGroup section */

/* Begin XCBuildConfiguration section */
		DABD10F12043A01C00D7DE13 /* Debug */ = {
			isa = XCBuildConfiguration;
			buildSettings = {
				ALWAYS_SEARCH_USER_PATHS = NO;
				CLANG_ANALYZER_NONNULL = YES;
				CLANG_ANALYZER_NUMBER_OBJECT_CONVERSION = YES_AGGRESSIVE;
				CLANG_CXX_LANGUAGE_STANDARD = "gnu++14";
				CLANG_CXX_LIBRARY = "libc++";
				CLANG_ENABLE_MODULES = YES;
				CLANG_ENABLE_OBJC_ARC = YES;
				CLANG_WARN_BLOCK_CAPTURE_AUTORELEASING = YES;
				CLANG_WARN_BOOL_CONVERSION = YES;
				CLANG_WARN_COMMA = YES;
				CLANG_WARN_CONSTANT_CONVERSION = YES;
				CLANG_WARN_DEPRECATED_OBJC_IMPLEMENTATIONS = YES;
				CLANG_WARN_DIRECT_OBJC_ISA_USAGE = YES_ERROR;
				CLANG_WARN_DOCUMENTATION_COMMENTS = YES;
				CLANG_WARN_EMPTY_BODY = YES;
				CLANG_WARN_ENUM_CONVERSION = YES;
				CLANG_WARN_INFINITE_RECURSION = YES;
				CLANG_WARN_INT_CONVERSION = YES;
				CLANG_WARN_NON_LITERAL_NULL_CONVERSION = YES;
				CLANG_WARN_OBJC_IMPLICIT_RETAIN_SELF = YES;
				CLANG_WARN_OBJC_LITERAL_CONVERSION = YES;
				CLANG_WARN_OBJC_ROOT_CLASS = YES_ERROR;
				CLANG_WARN_RANGE_LOOP_ANALYSIS = YES;
				CLANG_WARN_STRICT_PROTOTYPES = YES;
				CLANG_WARN_SUSPICIOUS_MOVE = YES;
				CLANG_WARN_UNGUARDED_AVAILABILITY = YES_AGGRESSIVE;
				CLANG_WARN_UNREACHABLE_CODE = YES;
				CLANG_WARN__DUPLICATE_METHOD_MATCH = YES;
				CODE_SIGN_IDENTITY = "iPhone Developer";
				COPY_PHASE_STRIP = NO;
				DEBUG_INFORMATION_FORMAT = dwarf;
				ENABLE_STRICT_OBJC_MSGSEND = YES;
				ENABLE_TESTABILITY = YES;
				GCC_C_LANGUAGE_STANDARD = gnu11;
				GCC_DYNAMIC_NO_PIC = NO;
				GCC_NO_COMMON_BLOCKS = YES;
				GCC_OPTIMIZATION_LEVEL = 0;
				GCC_PREPROCESSOR_DEFINITIONS = (
					"DEBUG=1",
					"$(inherited)",
				);
				GCC_WARN_64_TO_32_BIT_CONVERSION = YES;
				GCC_WARN_ABOUT_RETURN_TYPE = YES_ERROR;
				GCC_WARN_UNDECLARED_SELECTOR = YES;
				GCC_WARN_UNINITIALIZED_AUTOS = YES_AGGRESSIVE;
				GCC_WARN_UNUSED_FUNCTION = YES;
				GCC_WARN_UNUSED_VARIABLE = YES;
				IPHONEOS_DEPLOYMENT_TARGET = 11.2;
				MTL_ENABLE_DEBUG_INFO = YES;
				ONLY_ACTIVE_ARCH = YES;
				SDKROOT = iphoneos;
				SWIFT_ACTIVE_COMPILATION_CONDITIONS = DEBUG;
				SWIFT_OPTIMIZATION_LEVEL = "-Onone";
			};
			name = Debug;
		};
		DABD10F22043A01C00D7DE13 /* Release */ = {
			isa = XCBuildConfiguration;
			buildSettings = {
				ALWAYS_SEARCH_USER_PATHS = NO;
				CLANG_ANALYZER_NONNULL = YES;
				CLANG_ANALYZER_NUMBER_OBJECT_CONVERSION = YES_AGGRESSIVE;
				CLANG_CXX_LANGUAGE_STANDARD = "gnu++14";
				CLANG_CXX_LIBRARY = "libc++";
				CLANG_ENABLE_MODULES = YES;
				CLANG_ENABLE_OBJC_ARC = YES;
				CLANG_WARN_BLOCK_CAPTURE_AUTORELEASING = YES;
				CLANG_WARN_BOOL_CONVERSION = YES;
				CLANG_WARN_COMMA = YES;
				CLANG_WARN_CONSTANT_CONVERSION = YES;
				CLANG_WARN_DEPRECATED_OBJC_IMPLEMENTATIONS = YES;
				CLANG_WARN_DIRECT_OBJC_ISA_USAGE = YES_ERROR;
				CLANG_WARN_DOCUMENTATION_COMMENTS = YES;
				CLANG_WARN_EMPTY_BODY = YES;
				CLANG_WARN_ENUM_CONVERSION = YES;
				CLANG_WARN_INFINITE_RECURSION = YES;
				CLANG_WARN_INT_CONVERSION = YES;
				CLANG_WARN_NON_LITERAL_NULL_CONVERSION = YES;
				CLANG_WARN_OBJC_IMPLICIT_RETAIN_SELF = YES;
				CLANG_WARN_OBJC_LITERAL_CONVERSION = YES;
				CLANG_WARN_OBJC_ROOT_CLASS = YES_ERROR;
				CLANG_WARN_RANGE_LOOP_ANALYSIS = YES;
				CLANG_WARN_STRICT_PROTOTYPES = YES;
				CLANG_WARN_SUSPICIOUS_MOVE = YES;
				CLANG_WARN_UNGUARDED_AVAILABILITY = YES_AGGRESSIVE;
				CLANG_WARN_UNREACHABLE_CODE = YES;
				CLANG_WARN__DUPLICATE_METHOD_MATCH = YES;
				CODE_SIGN_IDENTITY = "iPhone Developer";
				COPY_PHASE_STRIP = NO;
				DEBUG_INFORMATION_FORMAT = "dwarf-with-dsym";
				ENABLE_NS_ASSERTIONS = NO;
				ENABLE_STRICT_OBJC_MSGSEND = YES;
				GCC_C_LANGUAGE_STANDARD = gnu11;
				GCC_NO_COMMON_BLOCKS = YES;
				GCC_WARN_64_TO_32_BIT_CONVERSION = YES;
				GCC_WARN_ABOUT_RETURN_TYPE = YES_ERROR;
				GCC_WARN_UNDECLARED_SELECTOR = YES;
				GCC_WARN_UNINITIALIZED_AUTOS = YES_AGGRESSIVE;
				GCC_WARN_UNUSED_FUNCTION = YES;
				GCC_WARN_UNUSED_VARIABLE = YES;
				IPHONEOS_DEPLOYMENT_TARGET = 11.2;
				MTL_ENABLE_DEBUG_INFO = NO;
				SDKROOT = iphoneos;
				SWIFT_OPTIMIZATION_LEVEL = "-Owholemodule";
				VALIDATE_PRODUCT = YES;
			};
			name = Release;
		};
		DABD10F42043A01C00D7DE13 /* Debug */ = {
			isa = XCBuildConfiguration;
			baseConfigurationReference = 4465F126BAFC8AB1C8B0620A /* Pods-RestaurantApp.debug.xcconfig */;
			buildSettings = {
				ASSETCATALOG_COMPILER_APPICON_NAME = AppIcon;
				CODE_SIGN_STYLE = Automatic;
				DEVELOPMENT_TEAM = NTP2A7PJM8;
				INFOPLIST_FILE = RestaurantApp/Info.plist;
				IPHONEOS_DEPLOYMENT_TARGET = 11.1;
				LD_RUNPATH_SEARCH_PATHS = "$(inherited) @executable_path/Frameworks";
				PRODUCT_BUNDLE_IDENTIFIER = com.garytokman.RestaurantApp;
				PRODUCT_NAME = "$(TARGET_NAME)";
				SWIFT_VERSION = 4.2;
				TARGETED_DEVICE_FAMILY = "1,2";
			};
			name = Debug;
		};
		DABD10F52043A01C00D7DE13 /* Release */ = {
			isa = XCBuildConfiguration;
			baseConfigurationReference = 79DA82A86A711227D972D9BA /* Pods-RestaurantApp.release.xcconfig */;
			buildSettings = {
				ASSETCATALOG_COMPILER_APPICON_NAME = AppIcon;
				CODE_SIGN_STYLE = Automatic;
				DEVELOPMENT_TEAM = NTP2A7PJM8;
				INFOPLIST_FILE = RestaurantApp/Info.plist;
				IPHONEOS_DEPLOYMENT_TARGET = 11.1;
				LD_RUNPATH_SEARCH_PATHS = "$(inherited) @executable_path/Frameworks";
				PRODUCT_BUNDLE_IDENTIFIER = com.garytokman.RestaurantApp;
				PRODUCT_NAME = "$(TARGET_NAME)";
				SWIFT_VERSION = 4.2;
				TARGETED_DEVICE_FAMILY = "1,2";
			};
			name = Release;
		};
/* End XCBuildConfiguration section */

/* Begin XCConfigurationList section */
		DABD10DC2043A01B00D7DE13 /* Build configuration list for PBXProject "RestaurantApp" */ = {
			isa = XCConfigurationList;
			buildConfigurations = (
				DABD10F12043A01C00D7DE13 /* Debug */,
				DABD10F22043A01C00D7DE13 /* Release */,
			);
			defaultConfigurationIsVisible = 0;
			defaultConfigurationName = Release;
		};
		DABD10F32043A01C00D7DE13 /* Build configuration list for PBXNativeTarget "RestaurantApp" */ = {
			isa = XCConfigurationList;
			buildConfigurations = (
				DABD10F42043A01C00D7DE13 /* Debug */,
				DABD10F52043A01C00D7DE13 /* Release */,
			);
			defaultConfigurationIsVisible = 0;
			defaultConfigurationName = Release;
		};
/* End XCConfigurationList section */
	};
	rootObject = DABD10D92043A01B00D7DE13 /* Project object */;
}
